{
  "version": 4,
  "terraform_version": "1.14.9",
  "serial": 54,
  "lineage": "8e788747-f177-4ce7-c01e-e55978f63872",
  "outputs": {
    "compose_debug": {
      "value": "version: \"3.9\"\nservices:\n  db:\n    image: postgres\n    environment:\n      POSTGRES_PASSWORD: ${POSTGRES_PASSWORD}\n      POSTGRES_DB: metabaseappdb\n    networks:\n      db_network:\n        ipv4_address: 10.150.0.20\n  metabase:\n    image: metabase/metabase\n    ports:\n      - \"3000:3000\"\n    environment:\n      MB_DB_TYPE: postgres\n      MB_DB_DBNAME: metabaseappdb\n      MB_DB_PORT: 5432\n      MB_DB_USER: postgres\n      MB_DB_PASS: ${MB_DB_PASS}\n      MB_DB_HOST: 10.150.0.20\n    depends_on:\n      - db\n    networks:\n      - db_network\n\nnetworks:\n  db_network:\n    driver: bridge\n    ipam:\n      config:\n        - subnet: 10.150.0.0/24",
      "type": "string"
    },
    "metabase_url": {
      "value": "http://34.128.121.254:3000",
      "type": "string"
    }
  },
  "resources": [
    {
      "mode": "managed",
      "type": "google_compute_firewall",
      "name": "allow_metabase",
      "provider": "provider[\"registry.terraform.io/hashicorp/google\"]",
      "instances": [
        {
          "schema_version": 1,
          "attributes": {
            "allow": [
              {
                "ports": [
                  "3000"
                ],
                "protocol": "tcp"
              }
            ],
            "creation_timestamp": "2026-04-30T00:03:52.375-07:00",
            "deny": [],
            "description": "",
            "destination_ranges": [],
            "direction": "INGRESS",
            "disabled": false,
            "enable_logging": null,
            "id": "projects/metabase-gcp/global/firewalls/allow-metabase",
            "log_config": [],
            "name": "allow-metabase",
            "network": "https://www.googleapis.com/compute/v1/projects/metabase-gcp/global/networks/default",
            "params": [],
            "priority": 1000,
            "project": "metabase-gcp",
            "self_link": "https://www.googleapis.com/compute/v1/projects/metabase-gcp/global/firewalls/allow-metabase",
            "source_ranges": [
              "0.0.0.0/0"
            ],
            "source_service_accounts": null,
            "source_tags": null,
            "target_service_accounts": null,
            "target_tags": [
              "metabase"
            ],
            "timeouts": null
          },
          "sensitive_attributes": [],
          "identity_schema_version": 1,
          "identity": {
            "name": "allow-metabase",
            "project": "metabase-gcp"
          },
          "private": "eyJlMmJmYjczMC1lY2FhLTExZTYtOGY4OC0zNDM2M2JjN2M0YzAiOnsiY3JlYXRlIjoxMjAwMDAwMDAwMDAwLCJkZWxldGUiOjEyMDAwMDAwMDAwMDAsInVwZGF0ZSI6MTIwMDAwMDAwMDAwMH0sInNjaGVtYV92ZXJzaW9uIjoiMSJ9"
        }
      ]
    },
    {
      "mode": "managed",
      "type": "google_compute_instance",
      "name": "vm",
      "provider": "provider[\"registry.terraform.io/hashicorp/google\"]",
      "instances": [
        {
          "schema_version": 6,
          "attributes": {
            "advanced_machine_features": [],
            "allow_stopping_for_update": null,
            "attached_disk": [],
            "boot_disk": [
              {
                "auto_delete": true,
                "device_name": "persistent-disk-0",
                "disk_encryption_key_raw": "",
                "disk_encryption_key_rsa": "",
                "disk_encryption_key_sha256": "",
                "disk_encryption_service_account": "",
                "force_attach": false,
                "guest_os_features": [
                  "VIRTIO_SCSI_MULTIQUEUE",
                  "SEV_CAPABLE",
                  "SEV_SNP_CAPABLE",
                  "SEV_LIVE_MIGRATABLE",
                  "SEV_LIVE_MIGRATABLE_V2",
                  "IDPF",
                  "TDX_CAPABLE",
                  "UEFI_COMPATIBLE",
                  "GVNIC"
                ],
                "initialize_params": [
                  {
                    "architecture": "X86_64",
                    "enable_confidential_compute": false,
                    "image": "https://www.googleapis.com/compute/v1/projects/ubuntu-os-cloud/global/images/ubuntu-2204-jammy-v20260427",
                    "labels": {},
                    "provisioned_iops": 0,
                    "provisioned_throughput": 0,
                    "resource_manager_tags": null,
                    "resource_policies": [],
                    "size": 10,
                    "snapshot": "",
                    "source_image_encryption_key": [],
                    "source_snapshot_encryption_key": [],
                    "storage_pool": "",
                    "type": "pd-standard"
                  }
                ],
                "interface": "",
                "kms_key_self_link": "",
                "mode": "READ_WRITE",
                "source": "https://www.googleapis.com/compute/v1/projects/metabase-gcp/zones/asia-southeast2-a/disks/metabase-server"
              }
            ],
            "can_ip_forward": false,
            "confidential_instance_config": [],
            "cpu_platform": "AMD Rome",
            "creation_timestamp": "2026-04-30T00:03:55.186-07:00",
            "current_status": "RUNNING",
            "deletion_protection": false,
            "description": "",
            "desired_status": null,
            "effective_labels": {
              "goog-terraform-provisioned": "true"
            },
            "enable_display": false,
            "guest_accelerator": [],
            "hostname": "",
            "id": "projects/metabase-gcp/zones/asia-southeast2-a/instances/metabase-server",
            "instance_encryption_key": [],
            "instance_id": "7106971486864228404",
            "key_revocation_action_type": "",
            "label_fingerprint": "vezUS-42LLM=",
            "labels": null,
            "machine_type": "e2-medium",
            "metadata": null,
            "metadata_fingerprint": "-sA7qGvdkk0=",
            "metadata_startup_script": "#!/bin/bash\nset -e\n\nsleep 10\n\napt-get update -y\napt-get install -y docker.io docker-compose\n\nsystemctl start docker\nsystemctl enable docker\n\n# inject compose จาก Terraform\ncat \u003c\u003c'EOF' \u003e /home/ubuntu/docker-compose.yml\nversion: \"3.9\"\nservices:\n  db:\n    image: postgres\n    environment:\n      POSTGRES_PASSWORD: ${POSTGRES_PASSWORD}\n      POSTGRES_DB: metabaseappdb\n    networks:\n      db_network:\n        ipv4_address: 10.150.0.20\n  metabase:\n    image: metabase/metabase\n    ports:\n      - \"3000:3000\"\n    environment:\n      MB_DB_TYPE: postgres\n      MB_DB_DBNAME: metabaseappdb\n      MB_DB_PORT: 5432\n      MB_DB_USER: postgres\n      MB_DB_PASS: ${MB_DB_PASS}\n      MB_DB_HOST: 10.150.0.20\n    depends_on:\n      - db\n    networks:\n      - db_network\n\nnetworks:\n  db_network:\n    driver: bridge\n    ipam:\n      config:\n        - subnet: 10.150.0.0/24\nEOF\n\ncat \u003c\u003c'EOF' \u003e /home/ubuntu/.env\nPOSTGRES_PASSWORD=postgres\nMB_DB_PASS=postgres\nEOF\n\ncd /home/ubuntu\ndocker-compose --env-file .env up -d",
            "min_cpu_platform": "",
            "name": "metabase-server",
            "network_interface": [
              {
                "access_config": [
                  {
                    "nat_ip": "34.128.121.254",
                    "network_tier": "PREMIUM",
                    "public_ptr_domain_name": ""
                  }
                ],
                "alias_ip_range": [],
                "igmp_query": "",
                "internal_ipv6_prefix_length": 0,
                "ipv6_access_config": [],
                "ipv6_access_type": "",
                "ipv6_address": "",
                "name": "nic0",
                "network": "https://www.googleapis.com/compute/v1/projects/metabase-gcp/global/networks/default",
                "network_attachment": "",
                "network_ip": "10.184.0.10",
                "nic_type": "",
                "parent_nic_name": "",
                "queue_count": 0,
                "stack_type": "IPV4_ONLY",
                "subnetwork": "https://www.googleapis.com/compute/v1/projects/metabase-gcp/regions/asia-southeast2/subnetworks/default",
                "subnetwork_project": "metabase-gcp",
                "vlan": 0
              }
            ],
            "network_performance_config": [],
            "params": [],
            "project": "metabase-gcp",
            "reservation_affinity": [],
            "resource_policies": null,
            "scheduling": [
              {
                "automatic_restart": true,
                "availability_domain": 0,
                "instance_termination_action": "",
                "local_ssd_recovery_timeout": [],
                "max_run_duration": [],
                "min_node_cpus": 0,
                "node_affinities": [],
                "on_host_maintenance": "MIGRATE",
                "on_instance_stop_action": [],
                "preemptible": false,
                "provisioning_model": "STANDARD",
                "termination_time": ""
              }
            ],
            "scratch_disk": [],
            "self_link": "https://www.googleapis.com/compute/v1/projects/metabase-gcp/zones/asia-southeast2-a/instances/metabase-server",
            "service_account": [],
            "shielded_instance_config": [
              {
                "enable_integrity_monitoring": true,
                "enable_secure_boot": false,
                "enable_vtpm": true
              }
            ],
            "tags": [
              "metabase"
            ],
            "tags_fingerprint": "FpN5EpS3sSY=",
            "terraform_labels": {
              "goog-terraform-provisioned": "true"
            },
            "timeouts": null,
            "zone": "asia-southeast2-a"
          },
          "sensitive_attributes": [
            [
              {
                "type": "get_attr",
                "value": "boot_disk"
              },
              {
                "type": "index",
                "value": {
                  "value": 0,
                  "type": "number"
                }
              },
              {
                "type": "get_attr",
                "value": "disk_encryption_key_raw"
              }
            ],
            [
              {
                "type": "get_attr",
                "value": "boot_disk"
              },
              {
                "type": "index",
                "value": {
                  "value": 0,
                  "type": "number"
                }
              },
              {
                "type": "get_attr",
                "value": "disk_encryption_key_rsa"
              }
            ]
          ],
          "identity_schema_version": 0,
          "private": "eyJlMmJmYjczMC1lY2FhLTExZTYtOGY4OC0zNDM2M2JjN2M0YzAiOnsiY3JlYXRlIjoxMjAwMDAwMDAwMDAwLCJkZWxldGUiOjEyMDAwMDAwMDAwMDAsInVwZGF0ZSI6MTIwMDAwMDAwMDAwMH0sInNjaGVtYV92ZXJzaW9uIjoiNiJ9"
        }
      ]
    }
  ],
  "check_results": null
}
